// !$*UTF8*$!
{
	archiveVersion = 1;
	classes = {
	};
	objectVersion = 56;
	objects = {

/* Begin PBXBuildFile section */
		A1817A082A77EC1A006F165A /* LayoutsScrowViewApp.swift in Sources */ = {isa = PBXBuildFile; fileRef = A1817A072A77EC1A006F165A /* LayoutsScrowViewApp.swift */; };
		A1817A0A2A77EC1A006F165A /* ContentView.swift in Sources */ = {isa = PBXBuildFile; fileRef = A1817A092A77EC1A006F165A /* ContentView.swift */; };
		A1817A0C2A77EC1B006F165A /* Assets.xcassets in Resources */ = {isa = PBXBuildFile; fileRef = A1817A0B2A77EC1B006F165A /* Assets.xcassets */; };
		A1817A0F2A77EC1B006F165A /* Preview Assets.xcassets in Resources */ = {isa = PBXBuildFile; fileRef = A1817A0E2A77EC1B006F165A /* Preview Assets.xcassets */; };
		A1817A192A77ED05006F165A /* PlantsModel.swift in Sources */ = {isa = PBXBuildFile; fileRef = A1817A182A77ED05006F165A /* PlantsModel.swift */; };
		A1817A1B2A782517006F165A /* PlantsRowView.swift in Sources */ = {isa = PBXBuildFile; fileRef = A1817A1A2A782517006F165A /* PlantsRowView.swift */; };
		A1817A1D2A782C70006F165A /* PlantsCardView.swift in Sources */ = {isa = PBXBuildFile; fileRef = A1817A1C2A782C70006F165A /* PlantsCardView.swift */; };
		A1817A1F2A783009006F165A /* PlantsSquare.swift in Sources */ = {isa = PBXBuildFile; fileRef = A1817A1E2A783009006F165A /* PlantsSquare.swift */; };
		A1817A232A7833A5006F165A /* ScrowViewList.swift in Sources */ = {isa = PBXBuildFile; fileRef = A1817A222A7833A5006F165A /* ScrowViewList.swift */; };
		A1817A252A784A86006F165A /* GridScrowViewSection.swift in Sources */ = {isa = PBXBuildFile; fileRef = A1817A242A784A86006F165A /* GridScrowViewSection.swift */; };
		A1817A272A784DE1006F165A /* DetailView.swift in Sources */ = {isa = PBXBuildFile; fileRef = A1817A262A784DE1006F165A /* DetailView.swift */; };
		A1817A292A784ED0006F165A /* ManegerViewModel.swift in Sources */ = {isa = PBXBuildFile; fileRef = A1817A282A784ED0006F165A /* ManegerViewModel.swift */; };
/* End PBXBuildFile section */

/* Begin PBXFileReference section */
		A1817A042A77EC1A006F165A /* LayoutsScrowView.app */ = {isa = PBXFileReference; explicitFileType = wrapper.application; includeInIndex = 0; path = LayoutsScrowView.app; sourceTree = BUILT_PRODUCTS_DIR; };
		A1817A072A77EC1A006F165A /* LayoutsScrowViewApp.swift */ = {isa = PBXFileReference; lastKnownFileType = sourcecode.swift; path = LayoutsScrowViewApp.swift; sourceTree = "<group>"; };
		A1817A092A77EC1A006F165A /* ContentView.swift */ = {isa = PBXFileReference; lastKnownFileType = sourcecode.swift; path = ContentView.swift; sourceTree = "<group>"; };
		A1817A0B2A77EC1B006F165A /* Assets.xcassets */ = {isa = PBXFileReference; lastKnownFileType = folder.assetcatalog; path = Assets.xcassets; sourceTree = "<group>"; };
		A1817A0E2A77EC1B006F165A /* Preview Assets.xcassets */ = {isa = PBXFileReference; lastKnownFileType = folder.assetcatalog; path = "Preview Assets.xcassets"; sourceTree = "<group>"; };
		A1817A182A77ED05006F165A /* PlantsModel.swift */ = {isa = PBXFileReference; lastKnownFileType = sourcecode.swift; path = PlantsModel.swift; sourceTree = "<group>"; };
		A1817A1A2A782517006F165A /* PlantsRowView.swift */ = {isa = PBXFileReference; lastKnownFileType = sourcecode.swift; path = PlantsRowView.swift; sourceTree = "<group>"; };
		A1817A1C2A782C70006F165A /* PlantsCardView.swift */ = {isa = PBXFileReference; lastKnownFileType = sourcecode.swift; path = PlantsCardView.swift; sourceTree = "<group>"; };
		A1817A1E2A783009006F165A /* PlantsSquare.swift */ = {isa = PBXFileReference; lastKnownFileType = sourcecode.swift; path = PlantsSquare.swift; sourceTree = "<group>"; };
		A1817A222A7833A5006F165A /* ScrowViewList.swift */ = {isa = PBXFileReference; lastKnownFileType = sourcecode.swift; path = ScrowViewList.swift; sourceTree = "<group>"; };
		A1817A242A784A86006F165A /* GridScrowViewSection.swift */ = {isa = PBXFileReference; lastKnownFileType = sourcecode.swift; path = GridScrowViewSection.swift; sourceTree = "<group>"; };
		A1817A262A784DE1006F165A /* DetailView.swift */ = {isa = PBXFileReference; lastKnownFileType = sourcecode.swift; path = DetailView.swift; sourceTree = "<group>"; };
		A1817A282A784ED0006F165A /* ManegerViewModel.swift */ = {isa = PBXFileReference; lastKnownFileType = sourcecode.swift; path = ManegerViewModel.swift; sourceTree = "<group>"; };
/* End PBXFileReference section */

/* Begin PBXFrameworksBuildPhase section */
		A1817A012A77EC1A006F165A /* Frameworks */ = {
			isa = PBXFrameworksBuildPhase;
			buildActionMask = 2147483647;
			files = (
			);
			runOnlyForDeploymentPostprocessing = 0;
		};
/* End PBXFrameworksBuildPhase section */

/* Begin PBXGroup section */
		A18179FB2A77EC1A006F165A = {
			isa = PBXGroup;
			children = (
				A1817A062A77EC1A006F165A /* LayoutsScrowView */,
				A1817A052A77EC1A006F165A /* Products */,
			);
			sourceTree = "<group>";
		};
		A1817A052A77EC1A006F165A /* Products */ = {
			isa = PBXGroup;
			children = (
				A1817A042A77EC1A006F165A /* LayoutsScrowView.app */,
			);
			name = Products;
			sourceTree = "<group>";
		};
		A1817A062A77EC1A006F165A /* LayoutsScrowView */ = {
			isa = PBXGroup;
			children = (
				A1817A072A77EC1A006F165A /* LayoutsScrowViewApp.swift */,
				A1817A162A77EC2F006F165A /* View */,
				A1817A172A77EC39006F165A /* ModelView */,
				A1817A152A77EC23006F165A /* Model */,
				A1817A0B2A77EC1B006F165A /* Assets.xcassets */,
				A1817A0D2A77EC1B006F165A /* Preview Content */,
			);
			path = LayoutsScrowView;
			sourceTree = "<group>";
		};
		A1817A0D2A77EC1B006F165A /* Preview Content */ = {
			isa = PBXGroup;
			children = (
				A1817A0E2A77EC1B006F165A /* Preview Assets.xcassets */,
			);
			path = "Preview Content";
			sourceTree = "<group>";
		};
		A1817A152A77EC23006F165A /* Model */ = {
			isa = PBXGroup;
			children = (
				A1817A182A77ED05006F165A /* PlantsModel.swift */,
			);
			path = Model;
			sourceTree = "<group>";
		};
		A1817A162A77EC2F006F165A /* View */ = {
			isa = PBXGroup;
			children = (
				A1817A092A77EC1A006F165A /* ContentView.swift */,
				A1817A262A784DE1006F165A /* DetailView.swift */,
				A1817A202A7832AD006F165A /* custon cells */,
				A1817A212A7832CF006F165A /* scrowllview content */,
			);
			path = View;
			sourceTree = "<group>";
		};
		A1817A172A77EC39006F165A /* ModelView */ = {
			isa = PBXGroup;
			children = (
				A1817A282A784ED0006F165A /* ManegerViewModel.swift */,
			);
			path = ModelView;
			sourceTree = "<group>";
		};
		A1817A202A7832AD006F165A /* custon cells */ = {
			isa = PBXGroup;
			children = (
				A1817A1A2A782517006F165A /* PlantsRowView.swift */,
				A1817A1C2A782C70006F165A /* PlantsCardView.swift */,
				A1817A1E2A783009006F165A /* PlantsSquare.swift */,
			);
			path = "custon cells";
			sourceTree = "<group>";
		};
		A1817A212A7832CF006F165A /* scrowllview content */ = {
			isa = PBXGroup;
			children = (
				A1817A222A7833A5006F165A /* ScrowViewList.swift */,
				A1817A242A784A86006F165A /* GridScrowViewSection.swift */,
			);
			path = "scrowllview content";
			sourceTree = "<group>";
		};
/* End PBXGroup section */

/* Begin PBXNativeTarget section */
		A1817A032A77EC1A006F165A /* LayoutsScrowView */ = {
			isa = PBXNativeTarget;
			buildConfigurationList = A1817A122A77EC1B006F165A /* Build configuration list for PBXNativeTarget "LayoutsScrowView" */;
			buildPhases = (
				A1817A002A77EC1A006F165A /* Sources */,
				A1817A012A77EC1A006F165A /* Frameworks */,
				A1817A022A77EC1A006F165A /* Resources */,
			);
			buildRules = (
			);
			dependencies = (
			);
			name = LayoutsScrowView;
			productName = LayoutsScrowView;
			productReference = A1817A042A77EC1A006F165A /* LayoutsScrowView.app */;
			productType = "com.apple.product-type.application";
		};
/* End PBXNativeTarget section */

/* Begin PBXProject section */
		A18179FC2A77EC1A006F165A /* Project object */ = {
			isa = PBXProject;
			attributes = {
				BuildIndependentTargetsInParallel = 1;
				LastSwiftUpdateCheck = 1430;
				LastUpgradeCheck = 1430;
				TargetAttributes = {
					A1817A032A77EC1A006F165A = {
						CreatedOnToolsVersion = 14.3.1;
					};
				};
			};
			buildConfigurationList = A18179FF2A77EC1A006F165A /* Build configuration list for PBXProject "LayoutsScrowView" */;
			compatibilityVersion = "Xcode 14.0";
			developmentRegion = en;
			hasScannedForEncodings = 0;
			knownRegions = (
				en,
				Base,
			);
			mainGroup = A18179FB2A77EC1A006F165A;
			productRefGroup = A1817A052A77EC1A006F165A /* Products */;
			projectDirPath = "";
			projectRoot = "";
			targets = (
				A1817A032A77EC1A006F165A /* LayoutsScrowView */,
			);
		};
/* End PBXProject section */

/* Begin PBXResourcesBuildPhase section */
		A1817A022A77EC1A006F165A /* Resources */ = {
			isa = PBXResourcesBuildPhase;
			buildActionMask = 2147483647;
			files = (
				A1817A0F2A77EC1B006F165A /* Preview Assets.xcassets in Resources */,
				A1817A0C2A77EC1B006F165A /* Assets.xcassets in Resources */,
			);
			runOnlyForDeploymentPostprocessing = 0;
		};
/* End PBXResourcesBuildPhase section */

/* Begin PBXSourcesBuildPhase section */
		A1817A002A77EC1A006F165A /* Sources */ = {
			isa = PBXSourcesBuildPhase;
			buildActionMask = 2147483647;
			files = (
				A1817A292A784ED0006F165A /* ManegerViewModel.swift in Sources */,
				A1817A1D2A782C70006F165A /* PlantsCardView.swift in Sources */,
				A1817A272A784DE1006F165A /* DetailView.swift in Sources */,
				A1817A252A784A86006F165A /* GridScrowViewSection.swift in Sources */,
				A1817A0A2A77EC1A006F165A /* ContentView.swift in Sources */,
				A1817A192A77ED05006F165A /* PlantsModel.swift in Sources */,
				A1817A082A77EC1A006F165A /* LayoutsScrowViewApp.swift in Sources */,
				A1817A1F2A783009006F165A /* PlantsSquare.swift in Sources */,
				A1817A232A7833A5006F165A /* ScrowViewList.swift in Sources */,
				A1817A1B2A782517006F165A /* PlantsRowView.swift in Sources */,
			);
			runOnlyForDeploymentPostprocessing = 0;
		};
/* End PBXSourcesBuildPhase section */

/* Begin XCBuildConfiguration section */
		A1817A102A77EC1B006F165A /* Debug */ = {
			isa = XCBuildConfiguration;
			buildSettings = {
				ALWAYS_SEARCH_USER_PATHS = NO;
				CLANG_ANALYZER_NONNULL = YES;
				CLANG_ANALYZER_NUMBER_OBJECT_CONVERSION = YES_AGGRESSIVE;
				CLANG_CXX_LANGUAGE_STANDARD = "gnu++20";
				CLANG_ENABLE_MODULES = YES;
				CLANG_ENABLE_OBJC_ARC = YES;
				CLANG_ENABLE_OBJC_WEAK = YES;
				CLANG_WARN_BLOCK_CAPTURE_AUTORELEASING = YES;
				CLANG_WARN_BOOL_CONVERSION = YES;
				CLANG_WARN_COMMA = YES;
				CLANG_WARN_CONSTANT_CONVERSION = YES;
				CLANG_WARN_DEPRECATED_OBJC_IMPLEMENTATIONS = YES;
				CLANG_WARN_DIRECT_OBJC_ISA_USAGE = YES_ERROR;
				CLANG_WARN_DOCUMENTATION_COMMENTS = YES;
				CLANG_WARN_EMPTY_BODY = YES;
				CLANG_WARN_ENUM_CONVERSION = YES;
				CLANG_WARN_INFINITE_RECURSION = YES;
				CLANG_WARN_INT_CONVERSION = YES;
				CLANG_WARN_NON_LITERAL_NULL_CONVERSION = YES;
				CLANG_WARN_OBJC_IMPLICIT_RETAIN_SELF = YES;
				CLANG_WARN_OBJC_LITERAL_CONVERSION = YES;
				CLANG_WARN_OBJC_ROOT_CLASS = YES_ERROR;
				CLANG_WARN_QUOTED_INCLUDE_IN_FRAMEWORK_HEADER = YES;
				CLANG_WARN_RANGE_LOOP_ANALYSIS = YES;
				CLANG_WARN_STRICT_PROTOTYPES = YES;
				CLANG_WARN_SUSPICIOUS_MOVE = YES;
				CLANG_WARN_UNGUARDED_AVAILABILITY = YES_AGGRESSIVE;
				CLANG_WARN_UNREACHABLE_CODE = YES;
				CLANG_WARN__DUPLICATE_METHOD_MATCH = YES;
				COPY_PHASE_STRIP = NO;
				DEBUG_INFORMATION_FORMAT = dwarf;
				ENABLE_STRICT_OBJC_MSGSEND = YES;
				ENABLE_TESTABILITY = YES;
				GCC_C_LANGUAGE_STANDARD = gnu11;
				GCC_DYNAMIC_NO_PIC = NO;
				GCC_NO_COMMON_BLOCKS = YES;
				GCC_OPTIMIZATION_LEVEL = 0;
				GCC_PREPROCESSOR_DEFINITIONS = (
					"DEBUG=1",
					"$(inherited)",
				);
				GCC_WARN_64_TO_32_BIT_CONVERSION = YES;
				GCC_WARN_ABOUT_RETURN_TYPE = YES_ERROR;
				GCC_WARN_UNDECLARED_SELECTOR = YES;
				GCC_WARN_UNINITIALIZED_AUTOS = YES_AGGRESSIVE;
				GCC_WARN_UNUSED_FUNCTION = YES;
				GCC_WARN_UNUSED_VARIABLE = YES;
				IPHONEOS_DEPLOYMENT_TARGET = 16.4;
				MTL_ENABLE_DEBUG_INFO = INCLUDE_SOURCE;
				MTL_FAST_MATH = YES;
				ONLY_ACTIVE_ARCH = YES;
				SDKROOT = iphoneos;
				SWIFT_ACTIVE_COMPILATION_CONDITIONS = DEBUG;
				SWIFT_OPTIMIZATION_LEVEL = "-Onone";
			};
			name = Debug;
		};
		A1817A112A77EC1B006F165A /* Release */ = {
			isa = XCBuildConfiguration;
			buildSettings = {
				ALWAYS_SEARCH_USER_PATHS = NO;
				CLANG_ANALYZER_NONNULL = YES;
				CLANG_ANALYZER_NUMBER_OBJECT_CONVERSION = YES_AGGRESSIVE;
				CLANG_CXX_LANGUAGE_STANDARD = "gnu++20";
				CLANG_ENABLE_MODULES = YES;
				CLANG_ENABLE_OBJC_ARC = YES;
				CLANG_ENABLE_OBJC_WEAK = YES;
				CLANG_WARN_BLOCK_CAPTURE_AUTORELEASING = YES;
				CLANG_WARN_BOOL_CONVERSION = YES;
				CLANG_WARN_COMMA = YES;
				CLANG_WARN_CONSTANT_CONVERSION = YES;
				CLANG_WARN_DEPRECATED_OBJC_IMPLEMENTATIONS = YES;
				CLANG_WARN_DIRECT_OBJC_ISA_USAGE = YES_ERROR;
				CLANG_WARN_DOCUMENTATION_COMMENTS = YES;
				CLANG_WARN_EMPTY_BODY = YES;
				CLANG_WARN_ENUM_CONVERSION = YES;
				CLANG_WARN_INFINITE_RECURSION = YES;
				CLANG_WARN_INT_CONVERSION = YES;
				CLANG_WARN_NON_LITERAL_NULL_CONVERSION = YES;
				CLANG_WARN_OBJC_IMPLICIT_RETAIN_SELF = YES;
				CLANG_WARN_OBJC_LITERAL_CONVERSION = YES;
				CLANG_WARN_OBJC_ROOT_CLASS = YES_ERROR;
				CLANG_WARN_QUOTED_INCLUDE_IN_FRAMEWORK_HEADER = YES;
				CLANG_WARN_RANGE_LOOP_ANALYSIS = YES;
				CLANG_WARN_STRICT_PROTOTYPES = YES;
				CLANG_WARN_SUSPICIOUS_MOVE = YES;
				CLANG_WARN_UNGUARDED_AVAILABILITY = YES_AGGRESSIVE;
				CLANG_WARN_UNREACHABLE_CODE = YES;
				CLANG_WARN__DUPLICATE_METHOD_MATCH = YES;
				COPY_PHASE_STRIP = NO;
				DEBUG_INFORMATION_FORMAT = "dwarf-with-dsym";
				ENABLE_NS_ASSERTIONS = NO;
				ENABLE_STRICT_OBJC_MSGSEND = YES;
				GCC_C_LANGUAGE_STANDARD = gnu11;
				GCC_NO_COMMON_BLOCKS = YES;
				GCC_WARN_64_TO_32_BIT_CONVERSION = YES;
				GCC_WARN_ABOUT_RETURN_TYPE = YES_ERROR;
				GCC_WARN_UNDECLARED_SELECTOR = YES;
				GCC_WARN_UNINITIALIZED_AUTOS = YES_AGGRESSIVE;
				GCC_WARN_UNUSED_FUNCTION = YES;
				GCC_WARN_UNUSED_VARIABLE = YES;
				IPHONEOS_DEPLOYMENT_TARGET = 16.4;
				MTL_ENABLE_DEBUG_INFO = NO;
				MTL_FAST_MATH = YES;
				SDKROOT = iphoneos;
				SWIFT_COMPILATION_MODE = wholemodule;
				SWIFT_OPTIMIZATION_LEVEL = "-O";
				VALIDATE_PRODUCT = YES;
			};
			name = Release;
		};
		A1817A132A77EC1B006F165A /* Debug */ = {
			isa = XCBuildConfiguration;
			buildSettings = {
				ASSETCATALOG_COMPILER_APPICON_NAME = AppIcon;
				ASSETCATALOG_COMPILER_GLOBAL_ACCENT_COLOR_NAME = AccentColor;
				CODE_SIGN_STYLE = Automatic;
				CURRENT_PROJECT_VERSION = 1;
				DEVELOPMENT_ASSET_PATHS = "\"LayoutsScrowView/Preview Content\"";
				DEVELOPMENT_TEAM = K9B45X443Y;
				ENABLE_PREVIEWS = YES;
				GENERATE_INFOPLIST_FILE = YES;
				INFOPLIST_KEY_UIApplicationSceneManifest_Generation = YES;
				INFOPLIST_KEY_UIApplicationSupportsIndirectInputEvents = YES;
				INFOPLIST_KEY_UILaunchScreen_Generation = YES;
				INFOPLIST_KEY_UISupportedInterfaceOrientations_iPad = "UIInterfaceOrientationPortrait UIInterfaceOrientationPortraitUpsideDown UIInterfaceOrientationLandscapeLeft UIInterfaceOrientationLandscapeRight";
				INFOPLIST_KEY_UISupportedInterfaceOrientations_iPhone = "UIInterfaceOrientationPortrait UIInterfaceOrientationLandscapeLeft UIInterfaceOrientationLandscapeRight";
				LD_RUNPATH_SEARCH_PATHS = (
					"$(inherited)",
					"@executable_path/Frameworks",
				);
				MARKETING_VERSION = 1.0;
				PRODUCT_BUNDLE_IDENTIFIER = "romaoboris-gmail.com.LayoutsScrowView";
				PRODUCT_NAME = "$(TARGET_NAME)";
				SWIFT_EMIT_LOC_STRINGS = YES;
				SWIFT_VERSION = 5.0;
				TARGETED_DEVICE_FAMILY = "1,2";
			};
			name = Debug;
		};
		A1817A142A77EC1B006F165A /* Release */ = {
			isa = XCBuildConfiguration;
			buildSettings = {
				ASSETCATALOG_COMPILER_APPICON_NAME = AppIcon;
				ASSETCATALOG_COMPILER_GLOBAL_ACCENT_COLOR_NAME = AccentColor;
				CODE_SIGN_STYLE = Automatic;
				CURRENT_PROJECT_VERSION = 1;
				DEVELOPMENT_ASSET_PATHS = "\"LayoutsScrowView/Preview Content\"";
				DEVELOPMENT_TEAM = K9B45X443Y;
				ENABLE_PREVIEWS = YES;
				GENERATE_INFOPLIST_FILE = YES;
				INFOPLIST_KEY_UIApplicationSceneManifest_Generation = YES;
				INFOPLIST_KEY_UIApplicationSupportsIndirectInputEvents = YES;
				INFOPLIST_KEY_UILaunchScreen_Generation = YES;
				INFOPLIST_KEY_UISupportedInterfaceOrientations_iPad = "UIInterfaceOrientationPortrait UIInterfaceOrientationPortraitUpsideDown UIInterfaceOrientationLandscapeLeft UIInterfaceOrientationLandscapeRight";
				INFOPLIST_KEY_UISupportedInterfaceOrientations_iPhone = "UIInterfaceOrientationPortrait UIInterfaceOrientationLandscapeLeft UIInterfaceOrientationLandscapeRight";
				LD_RUNPATH_SEARCH_PATHS = (
					"$(inherited)",
					"@executable_path/Frameworks",
				);
				MARKETING_VERSION = 1.0;
				PRODUCT_BUNDLE_IDENTIFIER = "romaoboris-gmail.com.LayoutsScrowView";
				PRODUCT_NAME = "$(TARGET_NAME)";
				SWIFT_EMIT_LOC_STRINGS = YES;
				SWIFT_VERSION = 5.0;
				TARGETED_DEVICE_FAMILY = "1,2";
			};
			name = Release;
		};
/* End XCBuildConfiguration section */

/* Begin XCConfigurationList section */
		A18179FF2A77EC1A006F165A /* Build configuration list for PBXProject "LayoutsScrowView" */ = {
			isa = XCConfigurationList;
			buildConfigurations = (
				A1817A102A77EC1B006F165A /* Debug */,
				A1817A112A77EC1B006F165A /* Release */,
			);
			defaultConfigurationIsVisible = 0;
			defaultConfigurationName = Release;
		};
		A1817A122A77EC1B006F165A /* Build configuration list for PBXNativeTarget "LayoutsScrowView" */ = {
			isa = XCConfigurationList;
			buildConfigurations = (
				A1817A132A77EC1B006F165A /* Debug */,
				A1817A142A77EC1B006F165A /* Release */,
			);
			defaultConfigurationIsVisible = 0;
			defaultConfigurationName = Release;
		};
/* End XCConfigurationList section */
	};
	rootObject = A18179FC2A77EC1A006F165A /* Project object */;
}
